# THIS IS AN AUTOGENERATED FILE. DO NOT EDIT THIS FILE DIRECTLY.
# yarn lockfile v1


"@napi-rs/cli@^2.4.4":
  version "2.6.2"
  resolved "https://registry.yarnpkg.com/@napi-rs/cli/-/cli-2.6.2.tgz#9b6e3e8649c93d138cd8df8072cea8ddcf2ac6e6"
  integrity sha512-EmH+DQDEBUIoqMim0cc+X96ImtcIZLFjgW5WWORpzYnA9Ug7zNPO7jCLMhIQRd/p5AdWaXrT4SVXc/aip09rKQ==

"@types/node@^17.0.17":
  version "17.0.27"
  resolved "https://registry.yarnpkg.com/@types/node/-/node-17.0.27.tgz#f4df3981ae8268c066e8f49995639f855469081e"
  integrity sha512-4/Ke7bbWOasuT3kceBZFGakP1dYN2XFd8v2l9bqF2LNWrmeU07JLpp56aEeG6+Q3olqO5TvXpW0yaiYnZJ5CXg==

msgpackr-extract-darwin-arm64@1.1.0:
  version "1.1.0"
  resolved "https://registry.yarnpkg.com/msgpackr-extract-darwin-arm64/-/msgpackr-extract-darwin-arm64-1.1.0.tgz#d590dffac6b90edc3ab53392f7ec5668ed94638c"
  integrity sha512-s1kHoT12tS2cCQOv+Wl3I+/cYNJXBPtwQqGA+dPYoXmchhXiE0Nso+BIfvQ5PxbmAyjj54Q5o7PnLTqVquNfZA==

msgpackr-extract-darwin-x64@1.1.0:
  version "1.1.0"
  resolved "https://registry.yarnpkg.com/msgpackr-extract-darwin-x64/-/msgpackr-extract-darwin-x64-1.1.0.tgz#568cbdf5e819ac120659c02b0dbaabf483523ee3"
  integrity sha512-yx/H/i12IKg4eWGu/eKdKzJD4jaYvvujQSaVmeOMCesbSQnWo5X6YR9TFjoiNoU9Aexk1KufzL9gW+1DozG1yw==

msgpackr-extract-linux-arm64@1.1.0:
  version "1.1.0"
  resolved "https://registry.yarnpkg.com/msgpackr-extract-linux-arm64/-/msgpackr-extract-linux-arm64-1.1.0.tgz#c0a30e6687cea4f79115f5762c5fdff90e4a20d4"
  integrity sha512-AxFle3fHNwz2V4CYDIGFxI6o/ZuI0lBKg0uHI8EcCMUmDE5mVAUWYge5WXmORVvb8sVWyVgFlmi3MTu4Ve6tNQ==

msgpackr-extract-linux-arm@1.1.0:
  version "1.1.0"
  resolved "https://registry.yarnpkg.com/msgpackr-extract-linux-arm/-/msgpackr-extract-linux-arm-1.1.0.tgz#38e8db873b6b3986558bde4d7bb15eacc8743a9e"
  integrity sha512-0VvSCqi12xpavxl14gMrauwIzHqHbmSChUijy/uo3mpjB1Pk4vlisKpZsaOZvNJyNKj0ACi5jYtbWnnOd7hYGw==

msgpackr-extract-linux-x64@1.1.0:
  version "1.1.0"
  resolved "https://registry.yarnpkg.com/msgpackr-extract-linux-x64/-/msgpackr-extract-linux-x64-1.1.0.tgz#8c44ca5211d9fa6af77be64a8e687c0be0491ce7"
  integrity sha512-O+XoyNFWpdB8oQL6O/YyzffPpmG5rTNrr1nKLW70HD2ENJUhcITzbV7eZimHPzkn8LAGls1tBaMTHQezTBpFOw==

msgpackr-extract-win32-x64@1.1.0:
  version "1.1.0"
  resolved "https://registry.yarnpkg.com/msgpackr-extract-win32-x64/-/msgpackr-extract-win32-x64-1.1.0.tgz#7bf9bd258e334668842c7532e5e40a60ca3325d7"
  integrity sha512-6AJdM5rNsL4yrskRfhujVSPEd6IBpgvsnIT/TPowKNLQ62iIdryizPY2PJNFiW3AJcY249AHEiDBXS1cTDPxzA==

msgpackr-extract@^1.0.14:
  version "1.1.4"
  resolved "https://registry.yarnpkg.com/msgpackr-extract/-/msgpackr-extract-1.1.4.tgz#665037c1470f225d01d2d735dad0334fff5faae6"
  integrity sha512-WQbHvsThprXh+EqZYy+SQFEs7z6bNM7a0vgirwUfwUcphWGT2mdPcpyLCNiRsN6w5q5VKJUMblHY+tNEyceb9Q==
  dependencies:
    node-gyp-build-optional-packages "^4.3.2"
  optionalDependencies:
    msgpackr-extract-darwin-arm64 "1.1.0"
    msgpackr-extract-darwin-x64 "1.1.0"
    msgpackr-extract-linux-arm "1.1.0"
    msgpackr-extract-linux-arm64 "1.1.0"
    msgpackr-extract-linux-x64 "1.1.0"
    msgpackr-extract-win32-x64 "1.1.0"

msgpackr@1.5.4:
  version "1.5.4"
  resolved "https://registry.yarnpkg.com/msgpackr/-/msgpackr-1.5.4.tgz#2b6ea6cb7d79c0ad98fc76c68163c48eda50cf0d"
  integrity sha512-Z7w5Jg+2Q9z9gJxeM68d7tSuWZZGnFIRhZnyqcZCa/1dKkhOCNvR1TUV3zzJ3+vj78vlwKRzUgVDlW4jiSOeDA==
  optionalDependencies:
    msgpackr-extract "^1.0.14"

node-gyp-build-optional-packages@^4.3.2:
  version "4.3.2"
  resolved "https://registry.yarnpkg.com/node-gyp-build-optional-packages/-/node-gyp-build-optional-packages-4.3.2.tgz#82de9bdf9b1ad042457533afb2f67469dc2264bb"
  integrity sha512-P5Ep3ISdmwcCkZIaBaQamQtWAG0facC89phWZgi5Z3hBU//J6S48OIvyZWSPPf6yQMklLZiqoosWAZUj7N+esA==

typescript@^4.6.3:
  version "4.6.3"
  resolved "https://registry.yarnpkg.com/typescript/-/typescript-4.6.3.tgz#eefeafa6afdd31d725584c67a0eaba80f6fc6c6c"
  integrity sha512-yNIatDa5iaofVozS/uQJEl3JRWLKKGJKh6Yaiv0GLGSuhpFJe7P3SbHZ8/yjAHRQwKRoA6YZqlfjXWmVzoVSMw==
